
Microsoft Visual Studio Solution File, Format Version 11.00
# Visual Studio 2010
Project("{FAE04EC0-301F-11D3-BF4B-00C04F79EFBC}") = "PCLStorage", "PCLStorage.csproj", "{F22DC9C1-9D6E-4BC1-8287-4D751FB8C851}"
EndProject
Global
	GlobalSection(SolutionConfigurationPlatforms) = preSolution
		Debug|Any CPU = Debug|Any CPU
		Release|Any CPU = Release|Any CPU
	EndGlobalSection
	GlobalSection(ProjectConfigurationPlatforms) = postSolution
		{F22DC9C1-9D6E-4BC1-8287-4D751FB8C851}.Debug|Any CPU.ActiveCfg = Debug|Any CPU
		{F22DC9C1-9D6E-4BC1-8287-4D751FB8C851}.Debug|Any CPU.Build.0 = Debug|Any CPU
		{F22DC9C1-9D6E-4BC1-8287-4D751FB8C851}.Release|Any CPU.ActiveCfg = Release|Any CPU
		{F22DC9C1-9D6E-4BC1-8287-4D751FB8C851}.Release|Any CPU.Build.0 = Release|Any CPU
	EndGlobalSection
	GlobalSection(SolutionProperties) = preSolution
		HideSolutionNode = FALSE
	EndGlobalSection
EndGlobal
