
Microsoft Visual Studio Solution File, Format Version 11.00
# Visual Studio 2010
Project("{FAE04EC0-301F-11D3-BF4B-00C04F79EFBC}") = "Caliburn.Micro.Extensions", "Caliburn.Micro.Extensions.csproj", "{4961BBAA-C006-4D99-B1F2-65B5F148FC07}"
EndProject
Global
	GlobalSection(SolutionConfigurationPlatforms) = preSolution
		Debug|Any CPU = Debug|Any CPU
		Release|Any CPU = Release|Any CPU
	EndGlobalSection
	GlobalSection(ProjectConfigurationPlatforms) = postSolution
		{4961BBAA-C006-4D99-B1F2-65B5F148FC07}.Debug|Any CPU.ActiveCfg = Debug|Any CPU
		{4961BBAA-C006-4D99-B1F2-65B5F148FC07}.Debug|Any CPU.Build.0 = Debug|Any CPU
		{4961BBAA-C006-4D99-B1F2-65B5F148FC07}.Release|Any CPU.ActiveCfg = Release|Any CPU
		{4961BBAA-C006-4D99-B1F2-65B5F148FC07}.Release|Any CPU.Build.0 = Release|Any CPU
	EndGlobalSection
	GlobalSection(SolutionProperties) = preSolution
		HideSolutionNode = FALSE
	EndGlobalSection
EndGlobal
