
Microsoft Visual Studio Solution File, Format Version 12.00
# Visual Studio Version 17
VisualStudioVersion = 17.11.34929.205
MinimumVisualStudioVersion = 10.0.40219.1
Project("{FAE04EC0-301F-11D3-BF4B-00C04F79EFBC}") = "Izi.Travel", "Izi.Travel\Izi.Travel.csproj", "{E97D08CB-E159-4500-B335-BAB7CC842960}"
EndProject
Project("{FAE04EC0-301F-11D3-BF4B-00C04F79EFBC}") = "Coding4Fun.Toolkit.Controls", "Coding4Fun.Toolkit.Controls\Coding4Fun.Toolkit.Controls.csproj", "{B9A5DA57-5EA5-4943-A14C-CA5B8BA631C3}"
EndProject
Project("{FAE04EC0-301F-11D3-BF4B-00C04F79EFBC}") = "zxing.wp8.0", "zxing.wp8.0\zxing.wp8.0.csproj", "{A4F96D26-B214-437A-B138-C3FACDAEA60B}"
EndProject
Project("{FAE04EC0-301F-11D3-BF4B-00C04F79EFBC}") = "Weakly", "Weakly\Weakly.csproj", "{97CBD0C1-0CD4-412F-96CA-E3075561D4AB}"
EndProject
Project("{FAE04EC0-301F-11D3-BF4B-00C04F79EFBC}") = "Uservoice", "Uservoice\Uservoice.csproj", "{9F94DBB9-081A-4B31-AC06-D779D1BB7292}"
EndProject
Project("{FAE04EC0-301F-11D3-BF4B-00C04F79EFBC}") = "RestSharp.WindowsPhone", "RestSharp.WindowsPhone\RestSharp.WindowsPhone.csproj", "{99D7A6A0-D603-48E0-BBDA-A5882FC19984}"
EndProject
Project("{FAE04EC0-301F-11D3-BF4B-00C04F79EFBC}") = "Izi.Travel.Utility", "Izi.Travel.Utility\Izi.Travel.Utility.csproj", "{CDCECD6C-D5FA-46C2-BA54-B70BE30AD919}"
EndProject
Project("{FAE04EC0-301F-11D3-BF4B-00C04F79EFBC}") = "Izi.Travel.Geofencing", "Izi.Travel.Geofencing\Izi.Travel.Geofencing.csproj", "{91866363-6A66-481E-878C-29878220294F}"
EndProject
Project("{FAE04EC0-301F-11D3-BF4B-00C04F79EFBC}") = "Izi.Travel.Data", "Izi.Travel.Data\Izi.Travel.Data.csproj", "{F9F9F68C-045E-48F8-8322-4EAED7CEA3E9}"
EndProject
Project("{FAE04EC0-301F-11D3-BF4B-00C04F79EFBC}") = "Izi.Travel.Client.WindowsPhone", "Izi.Travel.Client.WindowsPhone\Izi.Travel.Client.WindowsPhone.csproj", "{155C86C1-644E-4E0C-902E-B6C892BDB94A}"
EndProject
Project("{FAE04EC0-301F-11D3-BF4B-00C04F79EFBC}") = "Izi.Travel.Business.Entities", "Izi.Travel.Business.Entities\Izi.Travel.Business.Entities.csproj", "{4334CEBC-137C-48C6-9DA2-DF69A4AC1386}"
EndProject
Project("{FAE04EC0-301F-11D3-BF4B-00C04F79EFBC}") = "Izi.Travel.Business", "Izi.Travel.Business\Izi.Travel.Business.csproj", "{01628E84-BB32-4F0A-B131-4841FE0E4B85}"
EndProject
Project("{FAE04EC0-301F-11D3-BF4B-00C04F79EFBC}") = "Izi.Travel.Agent.Audio", "Izi.Travel.Agent.Audio\Izi.Travel.Agent.Audio.csproj", "{5A109BEE-A35F-4B6F-8075-0F92E2231272}"
EndProject
Project("{9A19103F-16F7-4668-BE54-9A1E7A4F7556}") = "Izi.Travel.Data.Entities", "Izi.Travel.Data.Entities\Izi.Travel.Data.Entities.csproj", "{AF49E386-A362-4C99-9DC6-59FE8C58EC0C}"
EndProject
Global
	GlobalSection(SolutionConfigurationPlatforms) = preSolution
		Debug|Any CPU = Debug|Any CPU
		Debug|ARM = Debug|ARM
		Debug|ARM64 = Debug|ARM64
		Debug|x64 = Debug|x64
		Debug|x86 = Debug|x86
		Release|Any CPU = Release|Any CPU
		Release|ARM = Release|ARM
		Release|ARM64 = Release|ARM64
		Release|x64 = Release|x64
		Release|x86 = Release|x86
	EndGlobalSection
	GlobalSection(ProjectConfigurationPlatforms) = postSolution
		{E97D08CB-E159-4500-B335-BAB7CC842960}.Debug|Any CPU.ActiveCfg = Debug|x64
		{E97D08CB-E159-4500-B335-BAB7CC842960}.Debug|Any CPU.Build.0 = Debug|x64
		{E97D08CB-E159-4500-B335-BAB7CC842960}.Debug|Any CPU.Deploy.0 = Debug|x64
		{E97D08CB-E159-4500-B335-BAB7CC842960}.Debug|ARM.ActiveCfg = Debug|ARM
		{E97D08CB-E159-4500-B335-BAB7CC842960}.Debug|ARM.Build.0 = Debug|ARM
		{E97D08CB-E159-4500-B335-BAB7CC842960}.Debug|ARM.Deploy.0 = Debug|ARM
		{E97D08CB-E159-4500-B335-BAB7CC842960}.Debug|ARM64.ActiveCfg = Debug|ARM64
		{E97D08CB-E159-4500-B335-BAB7CC842960}.Debug|ARM64.Build.0 = Debug|ARM64
		{E97D08CB-E159-4500-B335-BAB7CC842960}.Debug|ARM64.Deploy.0 = Debug|ARM64
		{E97D08CB-E159-4500-B335-BAB7CC842960}.Debug|x64.ActiveCfg = Debug|x64
		{E97D08CB-E159-4500-B335-BAB7CC842960}.Debug|x64.Build.0 = Debug|x64
		{E97D08CB-E159-4500-B335-BAB7CC842960}.Debug|x64.Deploy.0 = Debug|x64
		{E97D08CB-E159-4500-B335-BAB7CC842960}.Debug|x86.ActiveCfg = Debug|x86
		{E97D08CB-E159-4500-B335-BAB7CC842960}.Debug|x86.Build.0 = Debug|x86
		{E97D08CB-E159-4500-B335-BAB7CC842960}.Debug|x86.Deploy.0 = Debug|x86
		{E97D08CB-E159-4500-B335-BAB7CC842960}.Release|Any CPU.ActiveCfg = Release|x64
		{E97D08CB-E159-4500-B335-BAB7CC842960}.Release|Any CPU.Build.0 = Release|x64
		{E97D08CB-E159-4500-B335-BAB7CC842960}.Release|Any CPU.Deploy.0 = Release|x64
		{E97D08CB-E159-4500-B335-BAB7CC842960}.Release|ARM.ActiveCfg = Release|ARM
		{E97D08CB-E159-4500-B335-BAB7CC842960}.Release|ARM.Build.0 = Release|ARM
		{E97D08CB-E159-4500-B335-BAB7CC842960}.Release|ARM.Deploy.0 = Release|ARM
		{E97D08CB-E159-4500-B335-BAB7CC842960}.Release|ARM64.ActiveCfg = Release|ARM64
		{E97D08CB-E159-4500-B335-BAB7CC842960}.Release|ARM64.Build.0 = Release|ARM64
		{E97D08CB-E159-4500-B335-BAB7CC842960}.Release|ARM64.Deploy.0 = Release|ARM64
		{E97D08CB-E159-4500-B335-BAB7CC842960}.Release|x64.ActiveCfg = Release|x64
		{E97D08CB-E159-4500-B335-BAB7CC842960}.Release|x64.Build.0 = Release|x64
		{E97D08CB-E159-4500-B335-BAB7CC842960}.Release|x64.Deploy.0 = Release|x64
		{E97D08CB-E159-4500-B335-BAB7CC842960}.Release|x86.ActiveCfg = Release|x86
		{E97D08CB-E159-4500-B335-BAB7CC842960}.Release|x86.Build.0 = Release|x86
		{E97D08CB-E159-4500-B335-BAB7CC842960}.Release|x86.Deploy.0 = Release|x86
		{B9A5DA57-5EA5-4943-A14C-CA5B8BA631C3}.Debug|Any CPU.ActiveCfg = Debug|Any CPU
		{B9A5DA57-5EA5-4943-A14C-CA5B8BA631C3}.Debug|Any CPU.Build.0 = Debug|Any CPU
		{B9A5DA57-5EA5-4943-A14C-CA5B8BA631C3}.Debug|ARM.ActiveCfg = Debug|ARM
		{B9A5DA57-5EA5-4943-A14C-CA5B8BA631C3}.Debug|ARM.Build.0 = Debug|ARM
		{B9A5DA57-5EA5-4943-A14C-CA5B8BA631C3}.Debug|ARM64.ActiveCfg = Debug|ARM64
		{B9A5DA57-5EA5-4943-A14C-CA5B8BA631C3}.Debug|ARM64.Build.0 = Debug|ARM64
		{B9A5DA57-5EA5-4943-A14C-CA5B8BA631C3}.Debug|x64.ActiveCfg = Debug|x64
		{B9A5DA57-5EA5-4943-A14C-CA5B8BA631C3}.Debug|x64.Build.0 = Debug|x64
		{B9A5DA57-5EA5-4943-A14C-CA5B8BA631C3}.Debug|x86.ActiveCfg = Debug|x86
		{B9A5DA57-5EA5-4943-A14C-CA5B8BA631C3}.Debug|x86.Build.0 = Debug|x86
		{B9A5DA57-5EA5-4943-A14C-CA5B8BA631C3}.Release|Any CPU.ActiveCfg = Release|Any CPU
		{B9A5DA57-5EA5-4943-A14C-CA5B8BA631C3}.Release|Any CPU.Build.0 = Release|Any CPU
		{B9A5DA57-5EA5-4943-A14C-CA5B8BA631C3}.Release|ARM.ActiveCfg = Release|ARM
		{B9A5DA57-5EA5-4943-A14C-CA5B8BA631C3}.Release|ARM.Build.0 = Release|ARM
		{B9A5DA57-5EA5-4943-A14C-CA5B8BA631C3}.Release|ARM64.ActiveCfg = Release|ARM64
		{B9A5DA57-5EA5-4943-A14C-CA5B8BA631C3}.Release|ARM64.Build.0 = Release|ARM64
		{B9A5DA57-5EA5-4943-A14C-CA5B8BA631C3}.Release|x64.ActiveCfg = Release|x64
		{B9A5DA57-5EA5-4943-A14C-CA5B8BA631C3}.Release|x64.Build.0 = Release|x64
		{B9A5DA57-5EA5-4943-A14C-CA5B8BA631C3}.Release|x86.ActiveCfg = Release|x86
		{B9A5DA57-5EA5-4943-A14C-CA5B8BA631C3}.Release|x86.Build.0 = Release|x86
		{A4F96D26-B214-437A-B138-C3FACDAEA60B}.Debug|Any CPU.ActiveCfg = Debug|Any CPU
		{A4F96D26-B214-437A-B138-C3FACDAEA60B}.Debug|Any CPU.Build.0 = Debug|Any CPU
		{A4F96D26-B214-437A-B138-C3FACDAEA60B}.Debug|ARM.ActiveCfg = Debug|ARM
		{A4F96D26-B214-437A-B138-C3FACDAEA60B}.Debug|ARM.Build.0 = Debug|ARM
		{A4F96D26-B214-437A-B138-C3FACDAEA60B}.Debug|ARM64.ActiveCfg = Debug|ARM64
		{A4F96D26-B214-437A-B138-C3FACDAEA60B}.Debug|ARM64.Build.0 = Debug|ARM64
		{A4F96D26-B214-437A-B138-C3FACDAEA60B}.Debug|x64.ActiveCfg = Debug|x64
		{A4F96D26-B214-437A-B138-C3FACDAEA60B}.Debug|x64.Build.0 = Debug|x64
		{A4F96D26-B214-437A-B138-C3FACDAEA60B}.Debug|x86.ActiveCfg = Debug|x86
		{A4F96D26-B214-437A-B138-C3FACDAEA60B}.Debug|x86.Build.0 = Debug|x86
		{A4F96D26-B214-437A-B138-C3FACDAEA60B}.Release|Any CPU.ActiveCfg = Release|Any CPU
		{A4F96D26-B214-437A-B138-C3FACDAEA60B}.Release|Any CPU.Build.0 = Release|Any CPU
		{A4F96D26-B214-437A-B138-C3FACDAEA60B}.Release|ARM.ActiveCfg = Release|ARM
		{A4F96D26-B214-437A-B138-C3FACDAEA60B}.Release|ARM.Build.0 = Release|ARM
		{A4F96D26-B214-437A-B138-C3FACDAEA60B}.Release|ARM64.ActiveCfg = Release|ARM64
		{A4F96D26-B214-437A-B138-C3FACDAEA60B}.Release|ARM64.Build.0 = Release|ARM64
		{A4F96D26-B214-437A-B138-C3FACDAEA60B}.Release|x64.ActiveCfg = Release|x64
		{A4F96D26-B214-437A-B138-C3FACDAEA60B}.Release|x64.Build.0 = Release|x64
		{A4F96D26-B214-437A-B138-C3FACDAEA60B}.Release|x86.ActiveCfg = Release|x86
		{A4F96D26-B214-437A-B138-C3FACDAEA60B}.Release|x86.Build.0 = Release|x86
		{97CBD0C1-0CD4-412F-96CA-E3075561D4AB}.Debug|Any CPU.ActiveCfg = Debug|Any CPU
		{97CBD0C1-0CD4-412F-96CA-E3075561D4AB}.Debug|Any CPU.Build.0 = Debug|Any CPU
		{97CBD0C1-0CD4-412F-96CA-E3075561D4AB}.Debug|ARM.ActiveCfg = Debug|ARM
		{97CBD0C1-0CD4-412F-96CA-E3075561D4AB}.Debug|ARM.Build.0 = Debug|ARM
		{97CBD0C1-0CD4-412F-96CA-E3075561D4AB}.Debug|ARM64.ActiveCfg = Debug|ARM64
		{97CBD0C1-0CD4-412F-96CA-E3075561D4AB}.Debug|ARM64.Build.0 = Debug|ARM64
		{97CBD0C1-0CD4-412F-96CA-E3075561D4AB}.Debug|x64.ActiveCfg = Debug|x64
		{97CBD0C1-0CD4-412F-96CA-E3075561D4AB}.Debug|x64.Build.0 = Debug|x64
		{97CBD0C1-0CD4-412F-96CA-E3075561D4AB}.Debug|x86.ActiveCfg = Debug|x86
		{97CBD0C1-0CD4-412F-96CA-E3075561D4AB}.Debug|x86.Build.0 = Debug|x86
		{97CBD0C1-0CD4-412F-96CA-E3075561D4AB}.Release|Any CPU.ActiveCfg = Release|Any CPU
		{97CBD0C1-0CD4-412F-96CA-E3075561D4AB}.Release|Any CPU.Build.0 = Release|Any CPU
		{97CBD0C1-0CD4-412F-96CA-E3075561D4AB}.Release|ARM.ActiveCfg = Release|ARM
		{97CBD0C1-0CD4-412F-96CA-E3075561D4AB}.Release|ARM.Build.0 = Release|ARM
		{97CBD0C1-0CD4-412F-96CA-E3075561D4AB}.Release|ARM64.ActiveCfg = Release|ARM64
		{97CBD0C1-0CD4-412F-96CA-E3075561D4AB}.Release|ARM64.Build.0 = Release|ARM64
		{97CBD0C1-0CD4-412F-96CA-E3075561D4AB}.Release|x64.ActiveCfg = Release|x64
		{97CBD0C1-0CD4-412F-96CA-E3075561D4AB}.Release|x64.Build.0 = Release|x64
		{97CBD0C1-0CD4-412F-96CA-E3075561D4AB}.Release|x86.ActiveCfg = Release|x86
		{97CBD0C1-0CD4-412F-96CA-E3075561D4AB}.Release|x86.Build.0 = Release|x86
		{9F94DBB9-081A-4B31-AC06-D779D1BB7292}.Debug|Any CPU.ActiveCfg = Debug|Any CPU
		{9F94DBB9-081A-4B31-AC06-D779D1BB7292}.Debug|Any CPU.Build.0 = Debug|Any CPU
		{9F94DBB9-081A-4B31-AC06-D779D1BB7292}.Debug|ARM.ActiveCfg = Debug|ARM
		{9F94DBB9-081A-4B31-AC06-D779D1BB7292}.Debug|ARM.Build.0 = Debug|ARM
		{9F94DBB9-081A-4B31-AC06-D779D1BB7292}.Debug|ARM64.ActiveCfg = Debug|ARM64
		{9F94DBB9-081A-4B31-AC06-D779D1BB7292}.Debug|ARM64.Build.0 = Debug|ARM64
		{9F94DBB9-081A-4B31-AC06-D779D1BB7292}.Debug|x64.ActiveCfg = Debug|x64
		{9F94DBB9-081A-4B31-AC06-D779D1BB7292}.Debug|x64.Build.0 = Debug|x64
		{9F94DBB9-081A-4B31-AC06-D779D1BB7292}.Debug|x86.ActiveCfg = Debug|x86
		{9F94DBB9-081A-4B31-AC06-D779D1BB7292}.Debug|x86.Build.0 = Debug|x86
		{9F94DBB9-081A-4B31-AC06-D779D1BB7292}.Release|Any CPU.ActiveCfg = Release|Any CPU
		{9F94DBB9-081A-4B31-AC06-D779D1BB7292}.Release|Any CPU.Build.0 = Release|Any CPU
		{9F94DBB9-081A-4B31-AC06-D779D1BB7292}.Release|ARM.ActiveCfg = Release|ARM
		{9F94DBB9-081A-4B31-AC06-D779D1BB7292}.Release|ARM.Build.0 = Release|ARM
		{9F94DBB9-081A-4B31-AC06-D779D1BB7292}.Release|ARM64.ActiveCfg = Release|ARM64
		{9F94DBB9-081A-4B31-AC06-D779D1BB7292}.Release|ARM64.Build.0 = Release|ARM64
		{9F94DBB9-081A-4B31-AC06-D779D1BB7292}.Release|x64.ActiveCfg = Release|x64
		{9F94DBB9-081A-4B31-AC06-D779D1BB7292}.Release|x64.Build.0 = Release|x64
		{9F94DBB9-081A-4B31-AC06-D779D1BB7292}.Release|x86.ActiveCfg = Release|x86
		{9F94DBB9-081A-4B31-AC06-D779D1BB7292}.Release|x86.Build.0 = Release|x86
		{99D7A6A0-D603-48E0-BBDA-A5882FC19984}.Debug|Any CPU.ActiveCfg = Debug|Any CPU
		{99D7A6A0-D603-48E0-BBDA-A5882FC19984}.Debug|Any CPU.Build.0 = Debug|Any CPU
		{99D7A6A0-D603-48E0-BBDA-A5882FC19984}.Debug|ARM.ActiveCfg = Debug|ARM
		{99D7A6A0-D603-48E0-BBDA-A5882FC19984}.Debug|ARM.Build.0 = Debug|ARM
		{99D7A6A0-D603-48E0-BBDA-A5882FC19984}.Debug|ARM64.ActiveCfg = Debug|ARM64
		{99D7A6A0-D603-48E0-BBDA-A5882FC19984}.Debug|ARM64.Build.0 = Debug|ARM64
		{99D7A6A0-D603-48E0-BBDA-A5882FC19984}.Debug|x64.ActiveCfg = Debug|x64
		{99D7A6A0-D603-48E0-BBDA-A5882FC19984}.Debug|x64.Build.0 = Debug|x64
		{99D7A6A0-D603-48E0-BBDA-A5882FC19984}.Debug|x86.ActiveCfg = Debug|x86
		{99D7A6A0-D603-48E0-BBDA-A5882FC19984}.Debug|x86.Build.0 = Debug|x86
		{99D7A6A0-D603-48E0-BBDA-A5882FC19984}.Release|Any CPU.ActiveCfg = Release|Any CPU
		{99D7A6A0-D603-48E0-BBDA-A5882FC19984}.Release|Any CPU.Build.0 = Release|Any CPU
		{99D7A6A0-D603-48E0-BBDA-A5882FC19984}.Release|ARM.ActiveCfg = Release|ARM
		{99D7A6A0-D603-48E0-BBDA-A5882FC19984}.Release|ARM.Build.0 = Release|ARM
		{99D7A6A0-D603-48E0-BBDA-A5882FC19984}.Release|ARM64.ActiveCfg = Release|ARM64
		{99D7A6A0-D603-48E0-BBDA-A5882FC19984}.Release|ARM64.Build.0 = Release|ARM64
		{99D7A6A0-D603-48E0-BBDA-A5882FC19984}.Release|x64.ActiveCfg = Release|x64
		{99D7A6A0-D603-48E0-BBDA-A5882FC19984}.Release|x64.Build.0 = Release|x64
		{99D7A6A0-D603-48E0-BBDA-A5882FC19984}.Release|x86.ActiveCfg = Release|x86
		{99D7A6A0-D603-48E0-BBDA-A5882FC19984}.Release|x86.Build.0 = Release|x86
		{CDCECD6C-D5FA-46C2-BA54-B70BE30AD919}.Debug|Any CPU.ActiveCfg = Debug|Any CPU
		{CDCECD6C-D5FA-46C2-BA54-B70BE30AD919}.Debug|Any CPU.Build.0 = Debug|Any CPU
		{CDCECD6C-D5FA-46C2-BA54-B70BE30AD919}.Debug|ARM.ActiveCfg = Debug|ARM
		{CDCECD6C-D5FA-46C2-BA54-B70BE30AD919}.Debug|ARM.Build.0 = Debug|ARM
		{CDCECD6C-D5FA-46C2-BA54-B70BE30AD919}.Debug|ARM64.ActiveCfg = Debug|ARM64
		{CDCECD6C-D5FA-46C2-BA54-B70BE30AD919}.Debug|ARM64.Build.0 = Debug|ARM64
		{CDCECD6C-D5FA-46C2-BA54-B70BE30AD919}.Debug|x64.ActiveCfg = Debug|x64
		{CDCECD6C-D5FA-46C2-BA54-B70BE30AD919}.Debug|x64.Build.0 = Debug|x64
		{CDCECD6C-D5FA-46C2-BA54-B70BE30AD919}.Debug|x86.ActiveCfg = Debug|x86
		{CDCECD6C-D5FA-46C2-BA54-B70BE30AD919}.Debug|x86.Build.0 = Debug|x86
		{CDCECD6C-D5FA-46C2-BA54-B70BE30AD919}.Release|Any CPU.ActiveCfg = Release|Any CPU
		{CDCECD6C-D5FA-46C2-BA54-B70BE30AD919}.Release|Any CPU.Build.0 = Release|Any CPU
		{CDCECD6C-D5FA-46C2-BA54-B70BE30AD919}.Release|ARM.ActiveCfg = Release|ARM
		{CDCECD6C-D5FA-46C2-BA54-B70BE30AD919}.Release|ARM.Build.0 = Release|ARM
		{CDCECD6C-D5FA-46C2-BA54-B70BE30AD919}.Release|ARM64.ActiveCfg = Release|ARM64
		{CDCECD6C-D5FA-46C2-BA54-B70BE30AD919}.Release|ARM64.Build.0 = Release|ARM64
		{CDCECD6C-D5FA-46C2-BA54-B70BE30AD919}.Release|x64.ActiveCfg = Release|x64
		{CDCECD6C-D5FA-46C2-BA54-B70BE30AD919}.Release|x64.Build.0 = Release|x64
		{CDCECD6C-D5FA-46C2-BA54-B70BE30AD919}.Release|x86.ActiveCfg = Release|x86
		{CDCECD6C-D5FA-46C2-BA54-B70BE30AD919}.Release|x86.Build.0 = Release|x86
		{91866363-6A66-481E-878C-29878220294F}.Debug|Any CPU.ActiveCfg = Debug|Any CPU
		{91866363-6A66-481E-878C-29878220294F}.Debug|Any CPU.Build.0 = Debug|Any CPU
		{91866363-6A66-481E-878C-29878220294F}.Debug|ARM.ActiveCfg = Debug|ARM
		{91866363-6A66-481E-878C-29878220294F}.Debug|ARM.Build.0 = Debug|ARM
		{91866363-6A66-481E-878C-29878220294F}.Debug|ARM64.ActiveCfg = Debug|ARM64
		{91866363-6A66-481E-878C-29878220294F}.Debug|ARM64.Build.0 = Debug|ARM64
		{91866363-6A66-481E-878C-29878220294F}.Debug|x64.ActiveCfg = Debug|x64
		{91866363-6A66-481E-878C-29878220294F}.Debug|x64.Build.0 = Debug|x64
		{91866363-6A66-481E-878C-29878220294F}.Debug|x86.ActiveCfg = Debug|x86
		{91866363-6A66-481E-878C-29878220294F}.Debug|x86.Build.0 = Debug|x86
		{91866363-6A66-481E-878C-29878220294F}.Release|Any CPU.ActiveCfg = Release|Any CPU
		{91866363-6A66-481E-878C-29878220294F}.Release|Any CPU.Build.0 = Release|Any CPU
		{91866363-6A66-481E-878C-29878220294F}.Release|ARM.ActiveCfg = Release|ARM
		{91866363-6A66-481E-878C-29878220294F}.Release|ARM.Build.0 = Release|ARM
		{91866363-6A66-481E-878C-29878220294F}.Release|ARM64.ActiveCfg = Release|ARM64
		{91866363-6A66-481E-878C-29878220294F}.Release|ARM64.Build.0 = Release|ARM64
		{91866363-6A66-481E-878C-29878220294F}.Release|x64.ActiveCfg = Release|x64
		{91866363-6A66-481E-878C-29878220294F}.Release|x64.Build.0 = Release|x64
		{91866363-6A66-481E-878C-29878220294F}.Release|x86.ActiveCfg = Release|x86
		{91866363-6A66-481E-878C-29878220294F}.Release|x86.Build.0 = Release|x86
		{F9F9F68C-045E-48F8-8322-4EAED7CEA3E9}.Debug|Any CPU.ActiveCfg = Debug|Any CPU
		{F9F9F68C-045E-48F8-8322-4EAED7CEA3E9}.Debug|Any CPU.Build.0 = Debug|Any CPU
		{F9F9F68C-045E-48F8-8322-4EAED7CEA3E9}.Debug|ARM.ActiveCfg = Debug|ARM
		{F9F9F68C-045E-48F8-8322-4EAED7CEA3E9}.Debug|ARM.Build.0 = Debug|ARM
		{F9F9F68C-045E-48F8-8322-4EAED7CEA3E9}.Debug|ARM64.ActiveCfg = Debug|ARM64
		{F9F9F68C-045E-48F8-8322-4EAED7CEA3E9}.Debug|ARM64.Build.0 = Debug|ARM64
		{F9F9F68C-045E-48F8-8322-4EAED7CEA3E9}.Debug|x64.ActiveCfg = Debug|x64
		{F9F9F68C-045E-48F8-8322-4EAED7CEA3E9}.Debug|x64.Build.0 = Debug|x64
		{F9F9F68C-045E-48F8-8322-4EAED7CEA3E9}.Debug|x86.ActiveCfg = Debug|x86
		{F9F9F68C-045E-48F8-8322-4EAED7CEA3E9}.Debug|x86.Build.0 = Debug|x86
		{F9F9F68C-045E-48F8-8322-4EAED7CEA3E9}.Release|Any CPU.ActiveCfg = Release|Any CPU
		{F9F9F68C-045E-48F8-8322-4EAED7CEA3E9}.Release|Any CPU.Build.0 = Release|Any CPU
		{F9F9F68C-045E-48F8-8322-4EAED7CEA3E9}.Release|ARM.ActiveCfg = Release|ARM
		{F9F9F68C-045E-48F8-8322-4EAED7CEA3E9}.Release|ARM.Build.0 = Release|ARM
		{F9F9F68C-045E-48F8-8322-4EAED7CEA3E9}.Release|ARM64.ActiveCfg = Release|ARM64
		{F9F9F68C-045E-48F8-8322-4EAED7CEA3E9}.Release|ARM64.Build.0 = Release|ARM64
		{F9F9F68C-045E-48F8-8322-4EAED7CEA3E9}.Release|x64.ActiveCfg = Release|x64
		{F9F9F68C-045E-48F8-8322-4EAED7CEA3E9}.Release|x64.Build.0 = Release|x64
		{F9F9F68C-045E-48F8-8322-4EAED7CEA3E9}.Release|x86.ActiveCfg = Release|x86
		{F9F9F68C-045E-48F8-8322-4EAED7CEA3E9}.Release|x86.Build.0 = Release|x86
		{155C86C1-644E-4E0C-902E-B6C892BDB94A}.Debug|Any CPU.ActiveCfg = Debug|Any CPU
		{155C86C1-644E-4E0C-902E-B6C892BDB94A}.Debug|Any CPU.Build.0 = Debug|Any CPU
		{155C86C1-644E-4E0C-902E-B6C892BDB94A}.Debug|ARM.ActiveCfg = Debug|ARM
		{155C86C1-644E-4E0C-902E-B6C892BDB94A}.Debug|ARM.Build.0 = Debug|ARM
		{155C86C1-644E-4E0C-902E-B6C892BDB94A}.Debug|ARM64.ActiveCfg = Debug|ARM64
		{155C86C1-644E-4E0C-902E-B6C892BDB94A}.Debug|ARM64.Build.0 = Debug|ARM64
		{155C86C1-644E-4E0C-902E-B6C892BDB94A}.Debug|x64.ActiveCfg = Debug|x64
		{155C86C1-644E-4E0C-902E-B6C892BDB94A}.Debug|x64.Build.0 = Debug|x64
		{155C86C1-644E-4E0C-902E-B6C892BDB94A}.Debug|x86.ActiveCfg = Debug|x86
		{155C86C1-644E-4E0C-902E-B6C892BDB94A}.Debug|x86.Build.0 = Debug|x86
		{155C86C1-644E-4E0C-902E-B6C892BDB94A}.Release|Any CPU.ActiveCfg = Release|Any CPU
		{155C86C1-644E-4E0C-902E-B6C892BDB94A}.Release|Any CPU.Build.0 = Release|Any CPU
		{155C86C1-644E-4E0C-902E-B6C892BDB94A}.Release|ARM.ActiveCfg = Release|ARM
		{155C86C1-644E-4E0C-902E-B6C892BDB94A}.Release|ARM.Build.0 = Release|ARM
		{155C86C1-644E-4E0C-902E-B6C892BDB94A}.Release|ARM64.ActiveCfg = Release|ARM64
		{155C86C1-644E-4E0C-902E-B6C892BDB94A}.Release|ARM64.Build.0 = Release|ARM64
		{155C86C1-644E-4E0C-902E-B6C892BDB94A}.Release|x64.ActiveCfg = Release|x64
		{155C86C1-644E-4E0C-902E-B6C892BDB94A}.Release|x64.Build.0 = Release|x64
		{155C86C1-644E-4E0C-902E-B6C892BDB94A}.Release|x86.ActiveCfg = Release|x86
		{155C86C1-644E-4E0C-902E-B6C892BDB94A}.Release|x86.Build.0 = Release|x86
		{4334CEBC-137C-48C6-9DA2-DF69A4AC1386}.Debug|Any CPU.ActiveCfg = Debug|Any CPU
		{4334CEBC-137C-48C6-9DA2-DF69A4AC1386}.Debug|Any CPU.Build.0 = Debug|Any CPU
		{4334CEBC-137C-48C6-9DA2-DF69A4AC1386}.Debug|ARM.ActiveCfg = Debug|ARM
		{4334CEBC-137C-48C6-9DA2-DF69A4AC1386}.Debug|ARM.Build.0 = Debug|ARM
		{4334CEBC-137C-48C6-9DA2-DF69A4AC1386}.Debug|ARM64.ActiveCfg = Debug|ARM64
		{4334CEBC-137C-48C6-9DA2-DF69A4AC1386}.Debug|ARM64.Build.0 = Debug|ARM64
		{4334CEBC-137C-48C6-9DA2-DF69A4AC1386}.Debug|x64.ActiveCfg = Debug|x64
		{4334CEBC-137C-48C6-9DA2-DF69A4AC1386}.Debug|x64.Build.0 = Debug|x64
		{4334CEBC-137C-48C6-9DA2-DF69A4AC1386}.Debug|x86.ActiveCfg = Debug|x86
		{4334CEBC-137C-48C6-9DA2-DF69A4AC1386}.Debug|x86.Build.0 = Debug|x86
		{4334CEBC-137C-48C6-9DA2-DF69A4AC1386}.Release|Any CPU.ActiveCfg = Release|Any CPU
		{4334CEBC-137C-48C6-9DA2-DF69A4AC1386}.Release|Any CPU.Build.0 = Release|Any CPU
		{4334CEBC-137C-48C6-9DA2-DF69A4AC1386}.Release|ARM.ActiveCfg = Release|ARM
		{4334CEBC-137C-48C6-9DA2-DF69A4AC1386}.Release|ARM.Build.0 = Release|ARM
		{4334CEBC-137C-48C6-9DA2-DF69A4AC1386}.Release|ARM64.ActiveCfg = Release|ARM64
		{4334CEBC-137C-48C6-9DA2-DF69A4AC1386}.Release|ARM64.Build.0 = Release|ARM64
		{4334CEBC-137C-48C6-9DA2-DF69A4AC1386}.Release|x64.ActiveCfg = Release|x64
		{4334CEBC-137C-48C6-9DA2-DF69A4AC1386}.Release|x64.Build.0 = Release|x64
		{4334CEBC-137C-48C6-9DA2-DF69A4AC1386}.Release|x86.ActiveCfg = Release|x86
		{4334CEBC-137C-48C6-9DA2-DF69A4AC1386}.Release|x86.Build.0 = Release|x86
		{01628E84-BB32-4F0A-B131-4841FE0E4B85}.Debug|Any CPU.ActiveCfg = Debug|Any CPU
		{01628E84-BB32-4F0A-B131-4841FE0E4B85}.Debug|Any CPU.Build.0 = Debug|Any CPU
		{01628E84-BB32-4F0A-B131-4841FE0E4B85}.Debug|ARM.ActiveCfg = Debug|ARM
		{01628E84-BB32-4F0A-B131-4841FE0E4B85}.Debug|ARM.Build.0 = Debug|ARM
		{01628E84-BB32-4F0A-B131-4841FE0E4B85}.Debug|ARM64.ActiveCfg = Debug|ARM64
		{01628E84-BB32-4F0A-B131-4841FE0E4B85}.Debug|ARM64.Build.0 = Debug|ARM64
		{01628E84-BB32-4F0A-B131-4841FE0E4B85}.Debug|x64.ActiveCfg = Debug|x64
		{01628E84-BB32-4F0A-B131-4841FE0E4B85}.Debug|x64.Build.0 = Debug|x64
		{01628E84-BB32-4F0A-B131-4841FE0E4B85}.Debug|x86.ActiveCfg = Debug|x86
		{01628E84-BB32-4F0A-B131-4841FE0E4B85}.Debug|x86.Build.0 = Debug|x86
		{01628E84-BB32-4F0A-B131-4841FE0E4B85}.Release|Any CPU.ActiveCfg = Release|Any CPU
		{01628E84-BB32-4F0A-B131-4841FE0E4B85}.Release|Any CPU.Build.0 = Release|Any CPU
		{01628E84-BB32-4F0A-B131-4841FE0E4B85}.Release|ARM.ActiveCfg = Release|ARM
		{01628E84-BB32-4F0A-B131-4841FE0E4B85}.Release|ARM.Build.0 = Release|ARM
		{01628E84-BB32-4F0A-B131-4841FE0E4B85}.Release|ARM64.ActiveCfg = Release|ARM64
		{01628E84-BB32-4F0A-B131-4841FE0E4B85}.Release|ARM64.Build.0 = Release|ARM64
		{01628E84-BB32-4F0A-B131-4841FE0E4B85}.Release|x64.ActiveCfg = Release|x64
		{01628E84-BB32-4F0A-B131-4841FE0E4B85}.Release|x64.Build.0 = Release|x64
		{01628E84-BB32-4F0A-B131-4841FE0E4B85}.Release|x86.ActiveCfg = Release|x86
		{01628E84-BB32-4F0A-B131-4841FE0E4B85}.Release|x86.Build.0 = Release|x86
		{5A109BEE-A35F-4B6F-8075-0F92E2231272}.Debug|Any CPU.ActiveCfg = Debug|Any CPU
		{5A109BEE-A35F-4B6F-8075-0F92E2231272}.Debug|Any CPU.Build.0 = Debug|Any CPU
		{5A109BEE-A35F-4B6F-8075-0F92E2231272}.Debug|ARM.ActiveCfg = Debug|ARM
		{5A109BEE-A35F-4B6F-8075-0F92E2231272}.Debug|ARM.Build.0 = Debug|ARM
		{5A109BEE-A35F-4B6F-8075-0F92E2231272}.Debug|ARM64.ActiveCfg = Debug|ARM64
		{5A109BEE-A35F-4B6F-8075-0F92E2231272}.Debug|ARM64.Build.0 = Debug|ARM64
		{5A109BEE-A35F-4B6F-8075-0F92E2231272}.Debug|x64.ActiveCfg = Debug|x64
		{5A109BEE-A35F-4B6F-8075-0F92E2231272}.Debug|x64.Build.0 = Debug|x64
		{5A109BEE-A35F-4B6F-8075-0F92E2231272}.Debug|x86.ActiveCfg = Debug|x86
		{5A109BEE-A35F-4B6F-8075-0F92E2231272}.Debug|x86.Build.0 = Debug|x86
		{5A109BEE-A35F-4B6F-8075-0F92E2231272}.Release|Any CPU.ActiveCfg = Release|Any CPU
		{5A109BEE-A35F-4B6F-8075-0F92E2231272}.Release|Any CPU.Build.0 = Release|Any CPU
		{5A109BEE-A35F-4B6F-8075-0F92E2231272}.Release|ARM.ActiveCfg = Release|ARM
		{5A109BEE-A35F-4B6F-8075-0F92E2231272}.Release|ARM.Build.0 = Release|ARM
		{5A109BEE-A35F-4B6F-8075-0F92E2231272}.Release|ARM64.ActiveCfg = Release|ARM64
		{5A109BEE-A35F-4B6F-8075-0F92E2231272}.Release|ARM64.Build.0 = Release|ARM64
		{5A109BEE-A35F-4B6F-8075-0F92E2231272}.Release|x64.ActiveCfg = Release|x64
		{5A109BEE-A35F-4B6F-8075-0F92E2231272}.Release|x64.Build.0 = Release|x64
		{5A109BEE-A35F-4B6F-8075-0F92E2231272}.Release|x86.ActiveCfg = Release|x86
		{5A109BEE-A35F-4B6F-8075-0F92E2231272}.Release|x86.Build.0 = Release|x86
		{AF49E386-A362-4C99-9DC6-59FE8C58EC0C}.Debug|Any CPU.ActiveCfg = Debug|Any CPU
		{AF49E386-A362-4C99-9DC6-59FE8C58EC0C}.Debug|Any CPU.Build.0 = Debug|Any CPU
		{AF49E386-A362-4C99-9DC6-59FE8C58EC0C}.Debug|ARM.ActiveCfg = Debug|Any CPU
		{AF49E386-A362-4C99-9DC6-59FE8C58EC0C}.Debug|ARM.Build.0 = Debug|Any CPU
		{AF49E386-A362-4C99-9DC6-59FE8C58EC0C}.Debug|ARM64.ActiveCfg = Debug|Any CPU
		{AF49E386-A362-4C99-9DC6-59FE8C58EC0C}.Debug|ARM64.Build.0 = Debug|Any CPU
		{AF49E386-A362-4C99-9DC6-59FE8C58EC0C}.Debug|x64.ActiveCfg = Debug|Any CPU
		{AF49E386-A362-4C99-9DC6-59FE8C58EC0C}.Debug|x64.Build.0 = Debug|Any CPU
		{AF49E386-A362-4C99-9DC6-59FE8C58EC0C}.Debug|x86.ActiveCfg = Debug|Any CPU
		{AF49E386-A362-4C99-9DC6-59FE8C58EC0C}.Debug|x86.Build.0 = Debug|Any CPU
		{AF49E386-A362-4C99-9DC6-59FE8C58EC0C}.Release|Any CPU.ActiveCfg = Release|Any CPU
		{AF49E386-A362-4C99-9DC6-59FE8C58EC0C}.Release|Any CPU.Build.0 = Release|Any CPU
		{AF49E386-A362-4C99-9DC6-59FE8C58EC0C}.Release|ARM.ActiveCfg = Release|Any CPU
		{AF49E386-A362-4C99-9DC6-59FE8C58EC0C}.Release|ARM.Build.0 = Release|Any CPU
		{AF49E386-A362-4C99-9DC6-59FE8C58EC0C}.Release|ARM64.ActiveCfg = Release|Any CPU
		{AF49E386-A362-4C99-9DC6-59FE8C58EC0C}.Release|ARM64.Build.0 = Release|Any CPU
		{AF49E386-A362-4C99-9DC6-59FE8C58EC0C}.Release|x64.ActiveCfg = Release|Any CPU
		{AF49E386-A362-4C99-9DC6-59FE8C58EC0C}.Release|x64.Build.0 = Release|Any CPU
		{AF49E386-A362-4C99-9DC6-59FE8C58EC0C}.Release|x86.ActiveCfg = Release|Any CPU
		{AF49E386-A362-4C99-9DC6-59FE8C58EC0C}.Release|x86.Build.0 = Release|Any CPU
	EndGlobalSection
	GlobalSection(SolutionProperties) = preSolution
		HideSolutionNode = FALSE
	EndGlobalSection
	GlobalSection(ExtensibilityGlobals) = postSolution
		SolutionGuid = {EE9E7E98-30DE-4CAE-BFFD-7978CFF5871B}
	EndGlobalSection
EndGlobal
